
Microsoft Visual Studio Solution File, Format Version 12.00
# Visual Studio 15
Project("{FAE04EC0-301F-11D3-BF4B-00C04F79EFBC}") = "Assembly-CSharp", "Assembly-CSharp.csproj", "{A398D8E0-0E12-2338-1653-CAC18C462E68}"
EndProject
Global
	GlobalSection(SolutionConfigurationPlatforms) = preSolution
		Debug|Any CPU = Debug|Any CPU
		Release|Any CPU = Release|Any CPU
	EndGlobalSection
	GlobalSection(ProjectConfigurationPlatforms) = postSolution
		{A398D8E0-0E12-2338-1653-CAC18C462E68}.Debug|Any CPU.ActiveCfg = Debug|Any CPU
		{A398D8E0-0E12-2338-1653-CAC18C462E68}.Debug|Any CPU.Build.0 = Debug|Any CPU
		{A398D8E0-0E12-2338-1653-CAC18C462E68}.Release|Any CPU.ActiveCfg = Release|Any CPU
		{A398D8E0-0E12-2338-1653-CAC18C462E68}.Release|Any CPU.Build.0 = Release|Any CPU
	EndGlobalSection
	GlobalSection(SolutionProperties) = preSolution
		HideSolutionNode = FALSE
	EndGlobalSection
EndGlobal
